// !$*UTF8*$!
{
	archiveVersion = 1;
	classes = {
	};
	objectVersion = 46;
	objects = {

/* Begin PBXBuildFile section */
		49EC35C51F623A65008FA851 /* AppDelegate.swift in Sources */ = {isa = PBXBuildFile; fileRef = 49EC35C41F623A65008FA851 /* AppDelegate.swift */; };
		49EC35C71F623A65008FA851 /* ViewController.swift in Sources */ = {isa = PBXBuildFile; fileRef = 49EC35C61F623A65008FA851 /* ViewController.swift */; };
		49EC35CA1F623A66008FA851 /* Main.storyboard in Resources */ = {isa = PBXBuildFile; fileRef = 49EC35C81F623A66008FA851 /* Main.storyboard */; };
		49EC35CC1F623A66008FA851 /* Assets.xcassets in Resources */ = {isa = PBXBuildFile; fileRef = 49EC35CB1F623A66008FA851 /* Assets.xcassets */; };
		49EC35CF1F623A66008FA851 /* LaunchScreen.storyboard in Resources */ = {isa = PBXBuildFile; fileRef = 49EC35CD1F623A66008FA851 /* LaunchScreen.storyboard */; };
/* End PBXBuildFile section */

/* Begin PBXFileReference section */
		49EC35C11F623A65008FA851 /* HelloWorldProject.app */ = {isa = PBXFileReference; explicitFileType = wrapper.application; includeInIndex = 0; path = HelloWorldProject.app; sourceTree = BUILT_PRODUCTS_DIR; };
		49EC35C41F623A65008FA851 /* AppDelegate.swift */ = {isa = PBXFileReference; lastKnownFileType = sourcecode.swift; path = AppDelegate.swift; sourceTree = "<group>"; };
		49EC35C61F623A65008FA851 /* ViewController.swift */ = {isa = PBXFileReference; lastKnownFileType = sourcecode.swift; path = ViewController.swift; sourceTree = "<group>"; };
		49EC35C91F623A66008FA851 /* Base */ = {isa = PBXFileReference; lastKnownFileType = file.storyboard; name = Base; path = Base.lproj/Main.storyboard; sourceTree = "<group>"; };
		49EC35CB1F623A66008FA851 /* Assets.xcassets */ = {isa = PBXFileReference; lastKnownFileType = folder.assetcatalog; path = Assets.xcassets; sourceTree = "<group>"; };
		49EC35CE1F623A66008FA851 /* Base */ = {isa = PBXFileReference; lastKnownFileType = file.storyboard; name = Base; path = Base.lproj/LaunchScreen.storyboard; sourceTree = "<group>"; };
		49EC35D01F623A66008FA851 /* Info.plist */ = {isa = PBXFileReference; lastKnownFileType = text.plist.xml; path = Info.plist; sourceTree = "<group>"; };
/* End PBXFileReference section */

/* Begin PBXFrameworksBuildPhase section */
		49EC35BE1F623A65008FA851 /* Frameworks */ = {
			isa = PBXFrameworksBuildPhase;
			buildActionMask = 2147483647;
			files = (
			);
			runOnlyForDeploymentPostprocessing = 0;
		};
/* End PBXFrameworksBuildPhase section */

/* Begin PBXGroup section */
		49EC35B81F623A65008FA851 = {
			isa = PBXGroup;
			children = (
				49EC35C31F623A65008FA851 /* HelloWorldProject */,
				49EC35C21F623A65008FA851 /* Products */,
			);
			sourceTree = "<group>";
		};
		49EC35C21F623A65008FA851 /* Products */ = {
			isa = PBXGroup;
			children = (
				49EC35C11F623A65008FA851 /* HelloWorldProject.app */,
			);
			name = Products;
			sourceTree = "<group>";
		};
		49EC35C31F623A65008FA851 /* HelloWorldProject */ = {
			isa = PBXGroup;
			children = (
				49EC35C41F623A65008FA851 /* AppDelegate.swift */,
				49EC35C61F623A65008FA851 /* ViewController.swift */,
				49EC35C81F623A66008FA851 /* Main.storyboard */,
				49EC35CB1F623A66008FA851 /* Assets.xcassets */,
				49EC35CD1F623A66008FA851 /* LaunchScreen.storyboard */,
				49EC35D01F623A66008FA851 /* Info.plist */,
			);
			path = HelloWorldProject;
			sourceTree = "<group>";
		};
/* End PBXGroup section */

/* Begin PBXNativeTarget section */
		49EC35C01F623A65008FA851 /* HelloWorldProject */ = {
			isa = PBXNativeTarget;
			buildConfigurationList = 49EC35D31F623A66008FA851 /* Build configuration list for PBXNativeTarget "HelloWorldProject" */;
			buildPhases = (
				49EC35BD1F623A65008FA851 /* Sources */,
				49EC35BE1F623A65008FA851 /* Frameworks */,
				49EC35BF1F623A65008FA851 /* Resources */,
			);
			buildRules = (
			);
			dependencies = (
			);
			name = HelloWorldProject;
			productName = HelloWorldProject;
			productReference = 49EC35C11F623A65008FA851 /* HelloWorldProject.app */;
			productType = "com.apple.product-type.application";
		};
/* End PBXNativeTarget section */

/* Begin PBXProject section */
		49EC35B91F623A65008FA851 /* Project object */ = {
			isa = PBXProject;
			attributes = {
				LastSwiftUpdateCheck = 0830;
				LastUpgradeCheck = 0910;
				ORGANIZATIONNAME = "Sergio Daniel Manes";
				TargetAttributes = {
					49EC35C01F623A65008FA851 = {
						CreatedOnToolsVersion = 8.3.3;
						DevelopmentTeam = ZZQEF6C5FW;
						ProvisioningStyle = Automatic;
					};
				};
			};
			buildConfigurationList = 49EC35BC1F623A65008FA851 /* Build configuration list for PBXProject "HelloWorldProject" */;
			compatibilityVersion = "Xcode 3.2";
			developmentRegion = English;
			hasScannedForEncodings = 0;
			knownRegions = (
				en,
				Base,
			);
			mainGroup = 49EC35B81F623A65008FA851;
			productRefGroup = 49EC35C21F623A65008FA851 /* Products */;
			projectDirPath = "";
			projectRoot = "";
			targets = (
				49EC35C01F623A65008FA851 /* HelloWorldProject */,
			);
		};
/* End PBXProject section */

/* Begin PBXResourcesBuildPhase section */
		49EC35BF1F623A65008FA851 /* Resources */ = {
			isa = PBXResourcesBuildPhase;
			buildActionMask = 2147483647;
			files = (
				49EC35CF1F623A66008FA851 /* LaunchScreen.storyboard in Resources */,
				49EC35CC1F623A66008FA851 /* Assets.xcassets in Resources */,
				49EC35CA1F623A66008FA851 /* Main.storyboard in Resources */,
			);
			runOnlyForDeploymentPostprocessing = 0;
		};
/* End PBXResourcesBuildPhase section */

/* Begin PBXSourcesBuildPhase section */
		49EC35BD1F623A65008FA851 /* Sources */ = {
			isa = PBXSourcesBuildPhase;
			buildActionMask = 2147483647;
			files = (
				49EC35C71F623A65008FA851 /* ViewController.swift in Sources */,
				49EC35C51F623A65008FA851 /* AppDelegate.swift in Sources */,
			);
			runOnlyForDeploymentPostprocessing = 0;
		};
/* End PBXSourcesBuildPhase section */

/* Begin PBXVariantGroup section */
		49EC35C81F623A66008FA851 /* Main.storyboard */ = {
			isa = PBXVariantGroup;
			children = (
				49EC35C91F623A66008FA851 /* Base */,
			);
			name = Main.storyboard;
			sourceTree = "<group>";
		};
		49EC35CD1F623A66008FA851 /* LaunchScreen.storyboard */ = {
			isa = PBXVariantGroup;
			children = (
				49EC35CE1F623A66008FA851 /* Base */,
			);
			name = LaunchScreen.storyboard;
			sourceTree = "<group>";
		};
/* End PBXVariantGroup section */

/* Begin XCBuildConfiguration section */
		49EC35D11F623A66008FA851 /* Debug */ = {
			isa = XCBuildConfiguration;
			buildSettings = {
				ALWAYS_SEARCH_USER_PATHS = NO;
				CLANG_ANALYZER_NONNULL = YES;
				CLANG_ANALYZER_NUMBER_OBJECT_CONVERSION = YES_AGGRESSIVE;
				CLANG_CXX_LANGUAGE_STANDARD = "gnu++0x";
				CLANG_CXX_LIBRARY = "libc++";
				CLANG_ENABLE_MODULES = YES;
				CLANG_ENABLE_OBJC_ARC = YES;
				CLANG_WARN_BLOCK_CAPTURE_AUTORELEASING = YES;
				CLANG_WARN_BOOL_CONVERSION = YES;
				CLANG_WARN_COMMA = YES;
				CLANG_WARN_CONSTANT_CONVERSION = YES;
				CLANG_WARN_DIRECT_OBJC_ISA_USAGE = YES_ERROR;
				CLANG_WARN_DOCUMENTATION_COMMENTS = YES;
				CLANG_WARN_EMPTY_BODY = YES;
				CLANG_WARN_ENUM_CONVERSION = YES;
				CLANG_WARN_INFINITE_RECURSION = YES;
				CLANG_WARN_INT_CONVERSION = YES;
				CLANG_WARN_NON_LITERAL_NULL_CONVERSION = YES;
				CLANG_WARN_OBJC_LITERAL_CONVERSION = YES;
				CLANG_WARN_OBJC_ROOT_CLASS = YES_ERROR;
				CLANG_WARN_RANGE_LOOP_ANALYSIS = YES;
				CLANG_WARN_STRICT_PROTOTYPES = YES;
				CLANG_WARN_SUSPICIOUS_MOVE = YES;
				CLANG_WARN_UNREACHABLE_CODE = YES;
				CLANG_WARN__DUPLICATE_METHOD_MATCH = YES;
				"CODE_SIGN_IDENTITY[sdk=iphoneos*]" = "iPhone Developer";
				COPY_PHASE_STRIP = NO;
				DEBUG_INFORMATION_FORMAT = dwarf;
				ENABLE_STRICT_OBJC_MSGSEND = YES;
				ENABLE_TESTABILITY = YES;
				GCC_C_LANGUAGE_STANDARD = gnu99;
				GCC_DYNAMIC_NO_PIC = NO;
				GCC_NO_COMMON_BLOCKS = YES;
				GCC_OPTIMIZATION_LEVEL = 0;
				GCC_PREPROCESSOR_DEFINITIONS = (
					"DEBUG=1",
					"$(inherited)",
				);
				GCC_WARN_64_TO_32_BIT_CONVERSION = YES;
				GCC_WARN_ABOUT_RETURN_TYPE = YES_ERROR;
				GCC_WARN_UNDECLARED_SELECTOR = YES;
				GCC_WARN_UNINITIALIZED_AUTOS = YES_AGGRESSIVE;
				GCC_WARN_UNUSED_FUNCTION = YES;
				GCC_WARN_UNUSED_VARIABLE = YES;
				IPHONEOS_DEPLOYMENT_TARGET = 11.1;
				MTL_ENABLE_DEBUG_INFO = YES;
				ONLY_ACTIVE_ARCH = YES;
				SDKROOT = iphoneos;
				SWIFT_ACTIVE_COMPILATION_CONDITIONS = DEBUG;
				SWIFT_OPTIMIZATION_LEVEL = "-Onone";
			};
			name = Debug;
		};
		49EC35D21F623A66008FA851 /* Release */ = {
			isa = XCBuildConfiguration;
			buildSettings = {
				ALWAYS_SEARCH_USER_PATHS = NO;
				CLANG_ANALYZER_NONNULL = YES;
				CLANG_ANALYZER_NUMBER_OBJECT_CONVERSION = YES_AGGRESSIVE;
				CLANG_CXX_LANGUAGE_STANDARD = "gnu++0x";
				CLANG_CXX_LIBRARY = "libc++";
				CLANG_ENABLE_MODULES = YES;
				CLANG_ENABLE_OBJC_ARC = YES;
				CLANG_WARN_BLOCK_CAPTURE_AUTORELEASING = YES;
				CLANG_WARN_BOOL_CONVERSION = YES;
				CLANG_WARN_COMMA = YES;
				CLANG_WARN_CONSTANT_CONVERSION = YES;
				CLANG_WARN_DIRECT_OBJC_ISA_USAGE = YES_ERROR;
				CLANG_WARN_DOCUMENTATION_COMMENTS = YES;
				CLANG_WARN_EMPTY_BODY = YES;
				CLANG_WARN_ENUM_CONVERSION = YES;
				CLANG_WARN_INFINITE_RECURSION = YES;
				CLANG_WARN_INT_CONVERSION = YES;
				CLANG_WARN_NON_LITERAL_NULL_CONVERSION = YES;
				CLANG_WARN_OBJC_LITERAL_CONVERSION = YES;
				CLANG_WARN_OBJC_ROOT_CLASS = YES_ERROR;
				CLANG_WARN_RANGE_LOOP_ANALYSIS = YES;
				CLANG_WARN_STRICT_PROTOTYPES = YES;
				CLANG_WARN_SUSPICIOUS_MOVE = YES;
				CLANG_WARN_UNREACHABLE_CODE = YES;
				CLANG_WARN__DUPLICATE_METHOD_MATCH = YES;
				"CODE_SIGN_IDENTITY[sdk=iphoneos*]" = "iPhone Developer";
				COPY_PHASE_STRIP = NO;
				DEBUG_INFORMATION_FORMAT = "dwarf-with-dsym";
				ENABLE_NS_ASSERTIONS = NO;
				ENABLE_STRICT_OBJC_MSGSEND = YES;
				GCC_C_LANGUAGE_STANDARD = gnu99;
				GCC_NO_COMMON_BLOCKS = YES;
				GCC_WARN_64_TO_32_BIT_CONVERSION = YES;
				GCC_WARN_ABOUT_RETURN_TYPE = YES_ERROR;
				GCC_WARN_UNDECLARED_SELECTOR = YES;
				GCC_WARN_UNINITIALIZED_AUTOS = YES_AGGRESSIVE;
				GCC_WARN_UNUSED_FUNCTION = YES;
				GCC_WARN_UNUSED_VARIABLE = YES;
				IPHONEOS_DEPLOYMENT_TARGET = 11.1;
				MTL_ENABLE_DEBUG_INFO = NO;
				SDKROOT = iphoneos;
				SWIFT_OPTIMIZATION_LEVEL = "-Owholemodule";
				VALIDATE_PRODUCT = YES;
			};
			name = Release;
		};
		49EC35D41F623A66008FA851 /* Debug */ = {
			isa = XCBuildConfiguration;
			buildSettings = {
				ASSETCATALOG_COMPILER_APPICON_NAME = AppIcon;
				DEVELOPMENT_TEAM = ZZQEF6C5FW;
				INFOPLIST_FILE = HelloWorldProject/Info.plist;
				LD_RUNPATH_SEARCH_PATHS = "$(inherited) @executable_path/Frameworks";
				PRODUCT_BUNDLE_IDENTIFIER = com.SergioDanielManes.HelloWorldProject;
				PRODUCT_NAME = "$(TARGET_NAME)";
				SWIFT_VERSION = 3.0;
			};
			name = Debug;
		};
		49EC35D51F623A66008FA851 /* Release */ = {
			isa = XCBuildConfiguration;
			buildSettings = {
				ASSETCATALOG_COMPILER_APPICON_NAME = AppIcon;
				DEVELOPMENT_TEAM = ZZQEF6C5FW;
				INFOPLIST_FILE = HelloWorldProject/Info.plist;
				LD_RUNPATH_SEARCH_PATHS = "$(inherited) @executable_path/Frameworks";
				PRODUCT_BUNDLE_IDENTIFIER = com.SergioDanielManes.HelloWorldProject;
				PRODUCT_NAME = "$(TARGET_NAME)";
				SWIFT_VERSION = 3.0;
			};
			name = Release;
		};
/* End XCBuildConfiguration section */

/* Begin XCConfigurationList section */
		49EC35BC1F623A65008FA851 /* Build configuration list for PBXProject "HelloWorldProject" */ = {
			isa = XCConfigurationList;
			buildConfigurations = (
				49EC35D11F623A66008FA851 /* Debug */,
				49EC35D21F623A66008FA851 /* Release */,
			);
			defaultConfigurationIsVisible = 0;
			defaultConfigurationName = Release;
		};
		49EC35D31F623A66008FA851 /* Build configuration list for PBXNativeTarget "HelloWorldProject" */ = {
			isa = XCConfigurationList;
			buildConfigurations = (
				49EC35D41F623A66008FA851 /* Debug */,
				49EC35D51F623A66008FA851 /* Release */,
			);
			defaultConfigurationIsVisible = 0;
			defaultConfigurationName = Release;
		};
/* End XCConfigurationList section */
	};
	rootObject = 49EC35B91F623A65008FA851 /* Project object */;
}
